
Microsoft Visual Studio Solution File, Format Version 12.00
# Visual Studio Version 16
VisualStudioVersion = 16.0.30413.136
MinimumVisualStudioVersion = 10.0.40219.1
Project("{FAE04EC0-301F-11D3-BF4B-00C04F79EFBC}") = "2020.10.13", "2020.10.13\2020.10.13.csproj", "{EF4302A0-209C-4730-9126-AAF2D395E20E}"
EndProject
Global
	GlobalSection(SolutionConfigurationPlatforms) = preSolution
		Debug|Any CPU = Debug|Any CPU
		Release|Any CPU = Release|Any CPU
	EndGlobalSection
	GlobalSection(ProjectConfigurationPlatforms) = postSolution
		{EF4302A0-209C-4730-9126-AAF2D395E20E}.Debug|Any CPU.ActiveCfg = Debug|Any CPU
		{EF4302A0-209C-4730-9126-AAF2D395E20E}.Debug|Any CPU.Build.0 = Debug|Any CPU
		{EF4302A0-209C-4730-9126-AAF2D395E20E}.Release|Any CPU.ActiveCfg = Release|Any CPU
		{EF4302A0-209C-4730-9126-AAF2D395E20E}.Release|Any CPU.Build.0 = Release|Any CPU
	EndGlobalSection
	GlobalSection(SolutionProperties) = preSolution
		HideSolutionNode = FALSE
	EndGlobalSection
	GlobalSection(ExtensibilityGlobals) = postSolution
		SolutionGuid = {72874A78-E1E4-4AC0-A18E-C0652E5E7CC8}
	EndGlobalSection
EndGlobal
